
Microsoft Visual Studio Solution File, Format Version 12.00
# Visual Studio Version 16
VisualStudioVersion = 16.0.30320.27
MinimumVisualStudioVersion = 10.0.40219.1
Project("{FAE04EC0-301F-11D3-BF4B-00C04F79EFBC}") = "NET_Programmering_Gissa", "NET_Programmering_Gissa.csproj", "{46C79F2F-1C87-4602-B425-D8BF356922AD}"
EndProject
Project("{FAE04EC0-301F-11D3-BF4B-00C04F79EFBC}") = "NET_Programmering_Gissa2", "..\NET_Programmering_Gissa2\NET_Programmering_Gissa2.csproj", "{566DD166-DA5F-4839-8FEA-84E5F21CDFED}"
EndProject
Global
	GlobalSection(SolutionConfigurationPlatforms) = preSolution
		Debug|Any CPU = Debug|Any CPU
		Release|Any CPU = Release|Any CPU
	EndGlobalSection
	GlobalSection(ProjectConfigurationPlatforms) = postSolution
		{46C79F2F-1C87-4602-B425-D8BF356922AD}.Debug|Any CPU.ActiveCfg = Debug|Any CPU
		{46C79F2F-1C87-4602-B425-D8BF356922AD}.Debug|Any CPU.Build.0 = Debug|Any CPU
		{46C79F2F-1C87-4602-B425-D8BF356922AD}.Release|Any CPU.ActiveCfg = Release|Any CPU
		{46C79F2F-1C87-4602-B425-D8BF356922AD}.Release|Any CPU.Build.0 = Release|Any CPU
		{566DD166-DA5F-4839-8FEA-84E5F21CDFED}.Debug|Any CPU.ActiveCfg = Debug|Any CPU
		{566DD166-DA5F-4839-8FEA-84E5F21CDFED}.Debug|Any CPU.Build.0 = Debug|Any CPU
		{566DD166-DA5F-4839-8FEA-84E5F21CDFED}.Release|Any CPU.ActiveCfg = Release|Any CPU
		{566DD166-DA5F-4839-8FEA-84E5F21CDFED}.Release|Any CPU.Build.0 = Release|Any CPU
	EndGlobalSection
	GlobalSection(SolutionProperties) = preSolution
		HideSolutionNode = FALSE
	EndGlobalSection
	GlobalSection(ExtensibilityGlobals) = postSolution
		SolutionGuid = {A0844A83-A49D-41CB-8257-5A0B8D9D008F}
	EndGlobalSection
EndGlobal
